
Microsoft Visual Studio Solution File, Format Version 12.00
# Visual Studio Version 16
VisualStudioVersion = 16.0.29025.244
MinimumVisualStudioVersion = 10.0.40219.1
Project("{FAE04EC0-301F-11D3-BF4B-00C04F79EFBC}") = "ChatApplication", "ChatApplication.csproj", "{FEE6AB6E-D5BE-4260-9AF1-C337644F5F5B}"
EndProject
Global
	GlobalSection(SolutionConfigurationPlatforms) = preSolution
		Debug|Any CPU = Debug|Any CPU
		Release|Any CPU = Release|Any CPU
	EndGlobalSection
	GlobalSection(ProjectConfigurationPlatforms) = postSolution
		{FEE6AB6E-D5BE-4260-9AF1-C337644F5F5B}.Debug|Any CPU.ActiveCfg = Debug|Any CPU
		{FEE6AB6E-D5BE-4260-9AF1-C337644F5F5B}.Debug|Any CPU.Build.0 = Debug|Any CPU
		{FEE6AB6E-D5BE-4260-9AF1-C337644F5F5B}.Release|Any CPU.ActiveCfg = Release|Any CPU
		{FEE6AB6E-D5BE-4260-9AF1-C337644F5F5B}.Release|Any CPU.Build.0 = Release|Any CPU
	EndGlobalSection
	GlobalSection(SolutionProperties) = preSolution
		HideSolutionNode = FALSE
	EndGlobalSection
	GlobalSection(ExtensibilityGlobals) = postSolution
		SolutionGuid = {0097A827-B7CD-43F8-B8B5-5920D25FE4CC}
	EndGlobalSection
EndGlobal
